
Microsoft Visual Studio Solution File, Format Version 12.00
# Visual Studio 15
VisualStudioVersion = 15.0.26124.0
MinimumVisualStudioVersion = 15.0.26124.0
Project("{FAE04EC0-301F-11D3-BF4B-00C04F79EFBC}") = "Timereg.Api.CLI", "Timereg.Api.CLI\Timereg.Api.CLI.csproj", "{17DCA005-0E9D-44E8-BCDE-3C53FA3C1239}"
EndProject
Project("{FAE04EC0-301F-11D3-BF4B-00C04F79EFBC}") = "Timereg.Api.Resolvers", "Timereg.Api.Resolvers\Timereg.Api.Resolvers.csproj", "{1C447EAC-B963-4B25-9426-5A843E0C8C30}"
EndProject
Project("{FAE04EC0-301F-11D3-BF4B-00C04F79EFBC}") = "Timereg.Api.Web", "Timereg.Api.Web\Timereg.Api.Web.csproj", "{B8E6AD54-82BD-4421-903F-143C0C689993}"
EndProject
Project("{FAE04EC0-301F-11D3-BF4B-00C04F79EFBC}") = "Timereg.Api.Tests", "Timereg.Api.Tests\Timereg.Api.Tests.csproj", "{0F66C7D7-99BD-4ADC-BC27-0174E2220C87}"
EndProject
Global
	GlobalSection(SolutionConfigurationPlatforms) = preSolution
		Debug|Any CPU = Debug|Any CPU
		Debug|x64 = Debug|x64
		Debug|x86 = Debug|x86
		Release|Any CPU = Release|Any CPU
		Release|x64 = Release|x64
		Release|x86 = Release|x86
	EndGlobalSection
	GlobalSection(SolutionProperties) = preSolution
		HideSolutionNode = FALSE
	EndGlobalSection
	GlobalSection(ProjectConfigurationPlatforms) = postSolution
		{17DCA005-0E9D-44E8-BCDE-3C53FA3C1239}.Debug|Any CPU.ActiveCfg = Debug|Any CPU
		{17DCA005-0E9D-44E8-BCDE-3C53FA3C1239}.Debug|Any CPU.Build.0 = Debug|Any CPU
		{17DCA005-0E9D-44E8-BCDE-3C53FA3C1239}.Debug|x64.ActiveCfg = Debug|Any CPU
		{17DCA005-0E9D-44E8-BCDE-3C53FA3C1239}.Debug|x64.Build.0 = Debug|Any CPU
		{17DCA005-0E9D-44E8-BCDE-3C53FA3C1239}.Debug|x86.ActiveCfg = Debug|Any CPU
		{17DCA005-0E9D-44E8-BCDE-3C53FA3C1239}.Debug|x86.Build.0 = Debug|Any CPU
		{17DCA005-0E9D-44E8-BCDE-3C53FA3C1239}.Release|Any CPU.ActiveCfg = Release|Any CPU
		{17DCA005-0E9D-44E8-BCDE-3C53FA3C1239}.Release|Any CPU.Build.0 = Release|Any CPU
		{17DCA005-0E9D-44E8-BCDE-3C53FA3C1239}.Release|x64.ActiveCfg = Release|Any CPU
		{17DCA005-0E9D-44E8-BCDE-3C53FA3C1239}.Release|x64.Build.0 = Release|Any CPU
		{17DCA005-0E9D-44E8-BCDE-3C53FA3C1239}.Release|x86.ActiveCfg = Release|Any CPU
		{17DCA005-0E9D-44E8-BCDE-3C53FA3C1239}.Release|x86.Build.0 = Release|Any CPU
		{1C447EAC-B963-4B25-9426-5A843E0C8C30}.Debug|Any CPU.ActiveCfg = Debug|Any CPU
		{1C447EAC-B963-4B25-9426-5A843E0C8C30}.Debug|Any CPU.Build.0 = Debug|Any CPU
		{1C447EAC-B963-4B25-9426-5A843E0C8C30}.Debug|x64.ActiveCfg = Debug|Any CPU
		{1C447EAC-B963-4B25-9426-5A843E0C8C30}.Debug|x64.Build.0 = Debug|Any CPU
		{1C447EAC-B963-4B25-9426-5A843E0C8C30}.Debug|x86.ActiveCfg = Debug|Any CPU
		{1C447EAC-B963-4B25-9426-5A843E0C8C30}.Debug|x86.Build.0 = Debug|Any CPU
		{1C447EAC-B963-4B25-9426-5A843E0C8C30}.Release|Any CPU.ActiveCfg = Release|Any CPU
		{1C447EAC-B963-4B25-9426-5A843E0C8C30}.Release|Any CPU.Build.0 = Release|Any CPU
		{1C447EAC-B963-4B25-9426-5A843E0C8C30}.Release|x64.ActiveCfg = Release|Any CPU
		{1C447EAC-B963-4B25-9426-5A843E0C8C30}.Release|x64.Build.0 = Release|Any CPU
		{1C447EAC-B963-4B25-9426-5A843E0C8C30}.Release|x86.ActiveCfg = Release|Any CPU
		{1C447EAC-B963-4B25-9426-5A843E0C8C30}.Release|x86.Build.0 = Release|Any CPU
		{B8E6AD54-82BD-4421-903F-143C0C689993}.Debug|Any CPU.ActiveCfg = Debug|Any CPU
		{B8E6AD54-82BD-4421-903F-143C0C689993}.Debug|Any CPU.Build.0 = Debug|Any CPU
		{B8E6AD54-82BD-4421-903F-143C0C689993}.Debug|x64.ActiveCfg = Debug|Any CPU
		{B8E6AD54-82BD-4421-903F-143C0C689993}.Debug|x64.Build.0 = Debug|Any CPU
		{B8E6AD54-82BD-4421-903F-143C0C689993}.Debug|x86.ActiveCfg = Debug|Any CPU
		{B8E6AD54-82BD-4421-903F-143C0C689993}.Debug|x86.Build.0 = Debug|Any CPU
		{B8E6AD54-82BD-4421-903F-143C0C689993}.Release|Any CPU.ActiveCfg = Release|Any CPU
		{B8E6AD54-82BD-4421-903F-143C0C689993}.Release|Any CPU.Build.0 = Release|Any CPU
		{B8E6AD54-82BD-4421-903F-143C0C689993}.Release|x64.ActiveCfg = Release|Any CPU
		{B8E6AD54-82BD-4421-903F-143C0C689993}.Release|x64.Build.0 = Release|Any CPU
		{B8E6AD54-82BD-4421-903F-143C0C689993}.Release|x86.ActiveCfg = Release|Any CPU
		{B8E6AD54-82BD-4421-903F-143C0C689993}.Release|x86.Build.0 = Release|Any CPU
		{0F66C7D7-99BD-4ADC-BC27-0174E2220C87}.Debug|Any CPU.ActiveCfg = Debug|Any CPU
		{0F66C7D7-99BD-4ADC-BC27-0174E2220C87}.Debug|Any CPU.Build.0 = Debug|Any CPU
		{0F66C7D7-99BD-4ADC-BC27-0174E2220C87}.Debug|x64.ActiveCfg = Debug|Any CPU
		{0F66C7D7-99BD-4ADC-BC27-0174E2220C87}.Debug|x64.Build.0 = Debug|Any CPU
		{0F66C7D7-99BD-4ADC-BC27-0174E2220C87}.Debug|x86.ActiveCfg = Debug|Any CPU
		{0F66C7D7-99BD-4ADC-BC27-0174E2220C87}.Debug|x86.Build.0 = Debug|Any CPU
		{0F66C7D7-99BD-4ADC-BC27-0174E2220C87}.Release|Any CPU.ActiveCfg = Release|Any CPU
		{0F66C7D7-99BD-4ADC-BC27-0174E2220C87}.Release|Any CPU.Build.0 = Release|Any CPU
		{0F66C7D7-99BD-4ADC-BC27-0174E2220C87}.Release|x64.ActiveCfg = Release|Any CPU
		{0F66C7D7-99BD-4ADC-BC27-0174E2220C87}.Release|x64.Build.0 = Release|Any CPU
		{0F66C7D7-99BD-4ADC-BC27-0174E2220C87}.Release|x86.ActiveCfg = Release|Any CPU
		{0F66C7D7-99BD-4ADC-BC27-0174E2220C87}.Release|x86.Build.0 = Release|Any CPU
	EndGlobalSection
EndGlobal
